
Microsoft Visual Studio Solution File, Format Version 12.00
# Visual Studio 15
Project("{FAE04EC0-301F-11D3-BF4B-00C04F79EFBC}") = "Assembly-CSharp", "Assembly-CSharp.csproj", "{52CA2FA2-6F67-185D-BAA5-F8C95DC37789}"
EndProject
Global
	GlobalSection(SolutionConfigurationPlatforms) = preSolution
		Debug|Any CPU = Debug|Any CPU
		Release|Any CPU = Release|Any CPU
	EndGlobalSection
	GlobalSection(ProjectConfigurationPlatforms) = postSolution
		{52CA2FA2-6F67-185D-BAA5-F8C95DC37789}.Debug|Any CPU.ActiveCfg = Debug|Any CPU
		{52CA2FA2-6F67-185D-BAA5-F8C95DC37789}.Debug|Any CPU.Build.0 = Debug|Any CPU
		{52CA2FA2-6F67-185D-BAA5-F8C95DC37789}.Release|Any CPU.ActiveCfg = Release|Any CPU
		{52CA2FA2-6F67-185D-BAA5-F8C95DC37789}.Release|Any CPU.Build.0 = Release|Any CPU
	EndGlobalSection
	GlobalSection(SolutionProperties) = preSolution
		HideSolutionNode = FALSE
	EndGlobalSection
EndGlobal
